
Microsoft Visual Studio Solution File, Format Version 12.00
# Visual Studio Version 17
VisualStudioVersion = 17.13.35919.96
MinimumVisualStudioVersion = 10.0.40219.1
Project("{9A19103F-16F7-4668-BE54-9A1E7A4F7556}") = "Financiera.Model", "Financiera.Model\Financiera.Model.csproj", "{12100EDA-90EE-467C-851E-42599EBDF4E7}"
EndProject
Project("{9A19103F-16F7-4668-BE54-9A1E7A4F7556}") = "Financiera.Data", "Financiera.Data\Financiera.Data.csproj", "{D501EDC4-CDED-408F-88EB-FBC6B5DD9372}"
EndProject
Project("{9A19103F-16F7-4668-BE54-9A1E7A4F7556}") = "Financiera.BusinessLogic", "Financiera.BusinessLogic\Financiera.BusinessLogic.csproj", "{8DB104AD-4B4D-486D-92A5-21246C7E339E}"
EndProject
Project("{9A19103F-16F7-4668-BE54-9A1E7A4F7556}") = "Financiera.WebApp", "Financiera.WebApp\Financiera.WebApp.csproj", "{FF8F79FF-CF71-4495-92FB-6E7BBD0FAC0E}"
EndProject
Project("{2150E333-8FDC-42A3-9474-1A3956D46DE8}") = "Data Layer", "Data Layer", "{E2DCE1A5-B27A-4013-8399-300F1CB06BA0}"
EndProject
Project("{2150E333-8FDC-42A3-9474-1A3956D46DE8}") = "Business Layer", "Business Layer", "{23226546-4B5C-4B98-921C-4A1EACC62D97}"
EndProject
Project("{2150E333-8FDC-42A3-9474-1A3956D46DE8}") = "Presentation Layer", "Presentation Layer", "{BB9BBCAD-F81C-433F-8E4A-B6358EFC4F37}"
EndProject
Project("{FAE04EC0-301F-11D3-BF4B-00C04F79EFBC}") = "Financiera.WinformApp", "Financiera.WinformApp\Financiera.WinformApp.csproj", "{921D5F6B-0AEE-4515-BA11-B1C425B06D53}"
EndProject
Project("{FAE04EC0-301F-11D3-BF4B-00C04F79EFBC}") = "Financiera.ConsoleApp", "Financiera.ConsoleApp\Financiera.ConsoleApp.csproj", "{9E364544-8712-47EE-9B24-341A3B986769}"
EndProject
Global
	GlobalSection(SolutionConfigurationPlatforms) = preSolution
		Debug|Any CPU = Debug|Any CPU
		Release|Any CPU = Release|Any CPU
	EndGlobalSection
	GlobalSection(ProjectConfigurationPlatforms) = postSolution
		{12100EDA-90EE-467C-851E-42599EBDF4E7}.Debug|Any CPU.ActiveCfg = Debug|Any CPU
		{12100EDA-90EE-467C-851E-42599EBDF4E7}.Debug|Any CPU.Build.0 = Debug|Any CPU
		{12100EDA-90EE-467C-851E-42599EBDF4E7}.Release|Any CPU.ActiveCfg = Release|Any CPU
		{12100EDA-90EE-467C-851E-42599EBDF4E7}.Release|Any CPU.Build.0 = Release|Any CPU
		{D501EDC4-CDED-408F-88EB-FBC6B5DD9372}.Debug|Any CPU.ActiveCfg = Debug|Any CPU
		{D501EDC4-CDED-408F-88EB-FBC6B5DD9372}.Debug|Any CPU.Build.0 = Debug|Any CPU
		{D501EDC4-CDED-408F-88EB-FBC6B5DD9372}.Release|Any CPU.ActiveCfg = Release|Any CPU
		{D501EDC4-CDED-408F-88EB-FBC6B5DD9372}.Release|Any CPU.Build.0 = Release|Any CPU
		{8DB104AD-4B4D-486D-92A5-21246C7E339E}.Debug|Any CPU.ActiveCfg = Debug|Any CPU
		{8DB104AD-4B4D-486D-92A5-21246C7E339E}.Debug|Any CPU.Build.0 = Debug|Any CPU
		{8DB104AD-4B4D-486D-92A5-21246C7E339E}.Release|Any CPU.ActiveCfg = Release|Any CPU
		{8DB104AD-4B4D-486D-92A5-21246C7E339E}.Release|Any CPU.Build.0 = Release|Any CPU
		{FF8F79FF-CF71-4495-92FB-6E7BBD0FAC0E}.Debug|Any CPU.ActiveCfg = Debug|Any CPU
		{FF8F79FF-CF71-4495-92FB-6E7BBD0FAC0E}.Debug|Any CPU.Build.0 = Debug|Any CPU
		{FF8F79FF-CF71-4495-92FB-6E7BBD0FAC0E}.Release|Any CPU.ActiveCfg = Release|Any CPU
		{FF8F79FF-CF71-4495-92FB-6E7BBD0FAC0E}.Release|Any CPU.Build.0 = Release|Any CPU
		{921D5F6B-0AEE-4515-BA11-B1C425B06D53}.Debug|Any CPU.ActiveCfg = Debug|Any CPU
		{921D5F6B-0AEE-4515-BA11-B1C425B06D53}.Debug|Any CPU.Build.0 = Debug|Any CPU
		{921D5F6B-0AEE-4515-BA11-B1C425B06D53}.Release|Any CPU.ActiveCfg = Release|Any CPU
		{921D5F6B-0AEE-4515-BA11-B1C425B06D53}.Release|Any CPU.Build.0 = Release|Any CPU
		{9E364544-8712-47EE-9B24-341A3B986769}.Debug|Any CPU.ActiveCfg = Debug|Any CPU
		{9E364544-8712-47EE-9B24-341A3B986769}.Debug|Any CPU.Build.0 = Debug|Any CPU
		{9E364544-8712-47EE-9B24-341A3B986769}.Release|Any CPU.ActiveCfg = Release|Any CPU
		{9E364544-8712-47EE-9B24-341A3B986769}.Release|Any CPU.Build.0 = Release|Any CPU
	EndGlobalSection
	GlobalSection(SolutionProperties) = preSolution
		HideSolutionNode = FALSE
	EndGlobalSection
	GlobalSection(NestedProjects) = preSolution
		{12100EDA-90EE-467C-851E-42599EBDF4E7} = {23226546-4B5C-4B98-921C-4A1EACC62D97}
		{D501EDC4-CDED-408F-88EB-FBC6B5DD9372} = {E2DCE1A5-B27A-4013-8399-300F1CB06BA0}
		{8DB104AD-4B4D-486D-92A5-21246C7E339E} = {23226546-4B5C-4B98-921C-4A1EACC62D97}
		{FF8F79FF-CF71-4495-92FB-6E7BBD0FAC0E} = {BB9BBCAD-F81C-433F-8E4A-B6358EFC4F37}
		{921D5F6B-0AEE-4515-BA11-B1C425B06D53} = {BB9BBCAD-F81C-433F-8E4A-B6358EFC4F37}
		{9E364544-8712-47EE-9B24-341A3B986769} = {BB9BBCAD-F81C-433F-8E4A-B6358EFC4F37}
	EndGlobalSection
	GlobalSection(ExtensibilityGlobals) = postSolution
		SolutionGuid = {97E5FB64-BFCD-4201-B95D-F538A98B1072}
	EndGlobalSection
EndGlobal
